// !$*UTF8*$!
{
	archiveVersion = 1;
	classes = {
	};
	objectVersion = 46;
	objects = {

/* Begin PBXBuildFile section */
		544444E616A344BD0004E4CC /* Universities.m in Sources */ = {isa = PBXBuildFile; fileRef = 544444E516A344BD0004E4CC /* Universities.m */; };
		544444EE16A692790004E4CC /* 1.png in Resources */ = {isa = PBXBuildFile; fileRef = 544444E816A692790004E4CC /* 1.png */; };
		544444EF16A692790004E4CC /* 2.jpg in Resources */ = {isa = PBXBuildFile; fileRef = 544444E916A692790004E4CC /* 2.jpg */; };
		544444F016A692790004E4CC /* 3.jpg in Resources */ = {isa = PBXBuildFile; fileRef = 544444EA16A692790004E4CC /* 3.jpg */; };
		544444F116A692790004E4CC /* 4.jpg in Resources */ = {isa = PBXBuildFile; fileRef = 544444EB16A692790004E4CC /* 4.jpg */; };
		544444F216A692790004E4CC /* 5.jpg in Resources */ = {isa = PBXBuildFile; fileRef = 544444EC16A692790004E4CC /* 5.jpg */; };
		544444F316A692790004E4CC /* 6.jpg in Resources */ = {isa = PBXBuildFile; fileRef = 544444ED16A692790004E4CC /* 6.jpg */; };
		544444F616A7BDAD0004E4CC /* iSMainViewController.m in Sources */ = {isa = PBXBuildFile; fileRef = 544444F516A7BDAD0004E4CC /* iSMainViewController.m */; };
		544444FB16A7CEEC0004E4CC /* MapKit.framework in Frameworks */ = {isa = PBXBuildFile; fileRef = 544444FA16A7CEEC0004E4CC /* MapKit.framework */; };
		544444FD16A7CF040004E4CC /* CoreLocation.framework in Frameworks */ = {isa = PBXBuildFile; fileRef = 544444FC16A7CF040004E4CC /* CoreLocation.framework */; };
		5444450016A7CFF30004E4CC /* MapViewController.m in Sources */ = {isa = PBXBuildFile; fileRef = 544444FF16A7CFF30004E4CC /* MapViewController.m */; };
		5444450716A7DD580004E4CC /* UIKit.framework in Frameworks */ = {isa = PBXBuildFile; fileRef = 54BF8CA316535724007A45D8 /* UIKit.framework */; };
		5444450816A7DD580004E4CC /* Foundation.framework in Frameworks */ = {isa = PBXBuildFile; fileRef = 54BF8CA516535724007A45D8 /* Foundation.framework */; };
		5444450916A7DD580004E4CC /* CoreGraphics.framework in Frameworks */ = {isa = PBXBuildFile; fileRef = 54BF8CA716535724007A45D8 /* CoreGraphics.framework */; };
		5444453216A7DFFF0004E4CC /* PostViewController.m in Sources */ = {isa = PBXBuildFile; fileRef = 5444453116A7DFFF0004E4CC /* PostViewController.m */; };
		5444453516A7E0280004E4CC /* ReadPostViewController.m in Sources */ = {isa = PBXBuildFile; fileRef = 5444453416A7E0280004E4CC /* ReadPostViewController.m */; };
		5444453816A8BA1D0004E4CC /* DetailReadPostViewController.m in Sources */ = {isa = PBXBuildFile; fileRef = 5444453716A8BA1C0004E4CC /* DetailReadPostViewController.m */; };
		549639121695475100D9EFA4 /* CollectionViewController.m in Sources */ = {isa = PBXBuildFile; fileRef = 549639111695475100D9EFA4 /* CollectionViewController.m */; };
		5496391A169A7FBB00D9EFA4 /* CollectionViewCell.m in Sources */ = {isa = PBXBuildFile; fileRef = 54963919169A7FBB00D9EFA4 /* CollectionViewCell.m */; };
		54AA0CB316C1D1A1001AC912 /* UIKit.framework in Frameworks */ = {isa = PBXBuildFile; fileRef = 54BF8CA316535724007A45D8 /* UIKit.framework */; };
		54AA0CB416C1D1A1001AC912 /* Foundation.framework in Frameworks */ = {isa = PBXBuildFile; fileRef = 54BF8CA516535724007A45D8 /* Foundation.framework */; };
		54AA0CB516C1D1A1001AC912 /* CoreGraphics.framework in Frameworks */ = {isa = PBXBuildFile; fileRef = 54BF8CA716535724007A45D8 /* CoreGraphics.framework */; };
		54AA0CB616C1D1A1001AC912 /* CoreData.framework in Frameworks */ = {isa = PBXBuildFile; fileRef = 54AE6B70165613A30062B9A4 /* CoreData.framework */; };
		54AE6B61165359AE0062B9A4 /* n.png in Resources */ = {isa = PBXBuildFile; fileRef = 54AE6B60165359AE0062B9A4 /* n.png */; };
		54AE6B6516537CC00062B9A4 /* ViewController1.m in Sources */ = {isa = PBXBuildFile; fileRef = 54AE6B6316537CC00062B9A4 /* ViewController1.m */; };
		54AE6B6616537CC00062B9A4 /* ViewController1.xib in Resources */ = {isa = PBXBuildFile; fileRef = 54AE6B6416537CC00062B9A4 /* ViewController1.xib */; };
		54AE6B6D165613A30062B9A4 /* UIKit.framework in Frameworks */ = {isa = PBXBuildFile; fileRef = 54BF8CA316535724007A45D8 /* UIKit.framework */; };
		54AE6B6E165613A30062B9A4 /* Foundation.framework in Frameworks */ = {isa = PBXBuildFile; fileRef = 54BF8CA516535724007A45D8 /* Foundation.framework */; };
		54AE6B6F165613A30062B9A4 /* CoreGraphics.framework in Frameworks */ = {isa = PBXBuildFile; fileRef = 54BF8CA716535724007A45D8 /* CoreGraphics.framework */; };
		54AE6B71165613A30062B9A4 /* CoreData.framework in Frameworks */ = {isa = PBXBuildFile; fileRef = 54AE6B70165613A30062B9A4 /* CoreData.framework */; };
		54AE6B77165613A30062B9A4 /* InfoPlist.strings in Resources */ = {isa = PBXBuildFile; fileRef = 54AE6B75165613A30062B9A4 /* InfoPlist.strings */; };
		54AE6B79165613A30062B9A4 /* main.m in Sources */ = {isa = PBXBuildFile; fileRef = 54AE6B78165613A30062B9A4 /* main.m */; };
		54AE6B7D165613A30062B9A4 /* AppDelegate.m in Sources */ = {isa = PBXBuildFile; fileRef = 54AE6B7C165613A30062B9A4 /* AppDelegate.m */; };
		54AE6B7F165613A30062B9A4 /* Default.png in Resources */ = {isa = PBXBuildFile; fileRef = 54AE6B7E165613A30062B9A4 /* Default.png */; };
		54AE6B81165613A30062B9A4 /* Default@2x.png in Resources */ = {isa = PBXBuildFile; fileRef = 54AE6B80165613A30062B9A4 /* Default@2x.png */; };
		54AE6B83165613A30062B9A4 /* Default-568h@2x.png in Resources */ = {isa = PBXBuildFile; fileRef = 54AE6B82165613A30062B9A4 /* Default-568h@2x.png */; };
		54AE6B86165613A40062B9A4 /* StudentData.xcdatamodeld in Sources */ = {isa = PBXBuildFile; fileRef = 54AE6B84165613A40062B9A4 /* StudentData.xcdatamodeld */; };
		54AE6B8C165616A50062B9A4 /* Student.m in Sources */ = {isa = PBXBuildFile; fileRef = 54AE6B8B165616A50062B9A4 /* Student.m */; };
		54AE6B90165618910062B9A4 /* AddStudentViewController.m in Sources */ = {isa = PBXBuildFile; fileRef = 54AE6B8E165618910062B9A4 /* AddStudentViewController.m */; };
		54AE6B91165618910062B9A4 /* AddStudentViewController.xib in Resources */ = {isa = PBXBuildFile; fileRef = 54AE6B8F165618910062B9A4 /* AddStudentViewController.xib */; };
		54AFEDBF169166DC00EB13CE /* UIKit.framework in Frameworks */ = {isa = PBXBuildFile; fileRef = 54BF8CA316535724007A45D8 /* UIKit.framework */; };
		54AFEDC0169166DC00EB13CE /* Foundation.framework in Frameworks */ = {isa = PBXBuildFile; fileRef = 54BF8CA516535724007A45D8 /* Foundation.framework */; };
		54AFEDC1169166DC00EB13CE /* CoreGraphics.framework in Frameworks */ = {isa = PBXBuildFile; fileRef = 54BF8CA716535724007A45D8 /* CoreGraphics.framework */; };
		54BF8CA416535724007A45D8 /* UIKit.framework in Frameworks */ = {isa = PBXBuildFile; fileRef = 54BF8CA316535724007A45D8 /* UIKit.framework */; };
		54BF8CA616535724007A45D8 /* Foundation.framework in Frameworks */ = {isa = PBXBuildFile; fileRef = 54BF8CA516535724007A45D8 /* Foundation.framework */; };
		54BF8CA816535724007A45D8 /* CoreGraphics.framework in Frameworks */ = {isa = PBXBuildFile; fileRef = 54BF8CA716535724007A45D8 /* CoreGraphics.framework */; };
		54BF8CAE16535725007A45D8 /* InfoPlist.strings in Resources */ = {isa = PBXBuildFile; fileRef = 54BF8CAC16535725007A45D8 /* InfoPlist.strings */; };
		54BF8CB016535725007A45D8 /* main.m in Sources */ = {isa = PBXBuildFile; fileRef = 54BF8CAF16535725007A45D8 /* main.m */; };
		54BF8CB416535725007A45D8 /* AppDelegate.m in Sources */ = {isa = PBXBuildFile; fileRef = 54BF8CB316535725007A45D8 /* AppDelegate.m */; };
		54BF8CB816535725007A45D8 /* Default@2x.png in Resources */ = {isa = PBXBuildFile; fileRef = 54BF8CB716535725007A45D8 /* Default@2x.png */; };
		54BF8CBA16535725007A45D8 /* Default-568h@2x.png in Resources */ = {isa = PBXBuildFile; fileRef = 54BF8CB916535725007A45D8 /* Default-568h@2x.png */; };
		54BF8CBD16535725007A45D8 /* MainStoryboard.storyboard in Resources */ = {isa = PBXBuildFile; fileRef = 54BF8CBB16535725007A45D8 /* MainStoryboard.storyboard */; };
		54BF8CC016535725007A45D8 /* ViewController.m in Sources */ = {isa = PBXBuildFile; fileRef = 54BF8CBF16535725007A45D8 /* ViewController.m */; };
		54BF8CC9165357AB007A45D8 /* background.png.jpg in Resources */ = {isa = PBXBuildFile; fileRef = 54BF8CC7165357AB007A45D8 /* background.png.jpg */; };
		54BF8CCA165357AB007A45D8 /* icone.png.jpeg in Resources */ = {isa = PBXBuildFile; fileRef = 54BF8CC8165357AB007A45D8 /* icone.png.jpeg */; };
		54BF8CCC165357DD007A45D8 /* Default.png in Resources */ = {isa = PBXBuildFile; fileRef = 54BF8CCB165357DD007A45D8 /* Default.png */; };
		54BF9F8E16C448DA0061D1A6 /* UIKit.framework in Frameworks */ = {isa = PBXBuildFile; fileRef = 54BF8CA316535724007A45D8 /* UIKit.framework */; };
		54BF9F8F16C448DA0061D1A6 /* Foundation.framework in Frameworks */ = {isa = PBXBuildFile; fileRef = 54BF8CA516535724007A45D8 /* Foundation.framework */; };
		54BF9F9016C448DA0061D1A6 /* CoreGraphics.framework in Frameworks */ = {isa = PBXBuildFile; fileRef = 54BF8CA716535724007A45D8 /* CoreGraphics.framework */; };
		54BF9F9116C448DA0061D1A6 /* CoreData.framework in Frameworks */ = {isa = PBXBuildFile; fileRef = 54AE6B70165613A30062B9A4 /* CoreData.framework */; };
		54BF9F9716C448DA0061D1A6 /* InfoPlist.strings in Resources */ = {isa = PBXBuildFile; fileRef = 54BF9F9516C448DA0061D1A6 /* InfoPlist.strings */; };
		54BF9F9916C448DA0061D1A6 /* main.m in Sources */ = {isa = PBXBuildFile; fileRef = 54BF9F9816C448DA0061D1A6 /* main.m */; };
		54BF9F9D16C448DA0061D1A6 /* AppDelegate.m in Sources */ = {isa = PBXBuildFile; fileRef = 54BF9F9C16C448DA0061D1A6 /* AppDelegate.m */; };
		54BF9F9F16C448DA0061D1A6 /* Default.png in Resources */ = {isa = PBXBuildFile; fileRef = 54BF9F9E16C448DA0061D1A6 /* Default.png */; };
		54BF9FA116C448DA0061D1A6 /* Default@2x.png in Resources */ = {isa = PBXBuildFile; fileRef = 54BF9FA016C448DA0061D1A6 /* Default@2x.png */; };
		54BF9FA316C448DA0061D1A6 /* Default-568h@2x.png in Resources */ = {isa = PBXBuildFile; fileRef = 54BF9FA216C448DA0061D1A6 /* Default-568h@2x.png */; };
		54BF9FA616C448DA0061D1A6 /* MainStoryboard.storyboard in Resources */ = {isa = PBXBuildFile; fileRef = 54BF9FA416C448DA0061D1A6 /* MainStoryboard.storyboard */; };
		54BF9FA916C448DA0061D1A6 /* something.xcdatamodeld in Sources */ = {isa = PBXBuildFile; fileRef = 54BF9FA716C448DA0061D1A6 /* something.xcdatamodeld */; };
		54BF9FAC16C448DA0061D1A6 /* MasterViewController.m in Sources */ = {isa = PBXBuildFile; fileRef = 54BF9FAB16C448DA0061D1A6 /* MasterViewController.m */; };
		54BF9FAF16C448DA0061D1A6 /* DetailViewController.m in Sources */ = {isa = PBXBuildFile; fileRef = 54BF9FAE16C448DA0061D1A6 /* DetailViewController.m */; };
/* End PBXBuildFile section */

/* Begin PBXFileReference section */
		544444E416A344BD0004E4CC /* Universities.h */ = {isa = PBXFileReference; fileEncoding = 4; lastKnownFileType = sourcecode.c.h; path = Universities.h; sourceTree = "<group>"; };
		544444E516A344BD0004E4CC /* Universities.m */ = {isa = PBXFileReference; fileEncoding = 4; lastKnownFileType = sourcecode.c.objc; path = Universities.m; sourceTree = "<group>"; };
		544444E816A692790004E4CC /* 1.png */ = {isa = PBXFileReference; lastKnownFileType = image.png; path = 1.png; sourceTree = "<group>"; };
		544444E916A692790004E4CC /* 2.jpg */ = {isa = PBXFileReference; lastKnownFileType = image.jpeg; path = 2.jpg; sourceTree = "<group>"; };
		544444EA16A692790004E4CC /* 3.jpg */ = {isa = PBXFileReference; lastKnownFileType = image.jpeg; path = 3.jpg; sourceTree = "<group>"; };
		544444EB16A692790004E4CC /* 4.jpg */ = {isa = PBXFileReference; lastKnownFileType = image.jpeg; path = 4.jpg; sourceTree = "<group>"; };
		544444EC16A692790004E4CC /* 5.jpg */ = {isa = PBXFileReference; lastKnownFileType = image.jpeg; path = 5.jpg; sourceTree = "<group>"; };
		544444ED16A692790004E4CC /* 6.jpg */ = {isa = PBXFileReference; lastKnownFileType = image.jpeg; path = 6.jpg; sourceTree = "<group>"; };
		544444F416A7BDAD0004E4CC /* iSMainViewController.h */ = {isa = PBXFileReference; fileEncoding = 4; lastKnownFileType = sourcecode.c.h; path = iSMainViewController.h; sourceTree = "<group>"; };
		544444F516A7BDAD0004E4CC /* iSMainViewController.m */ = {isa = PBXFileReference; fileEncoding = 4; lastKnownFileType = sourcecode.c.objc; path = iSMainViewController.m; sourceTree = "<group>"; };
		544444FA16A7CEEC0004E4CC /* MapKit.framework */ = {isa = PBXFileReference; lastKnownFileType = wrapper.framework; name = MapKit.framework; path = System/Library/Frameworks/MapKit.framework; sourceTree = SDKROOT; };
		544444FC16A7CF040004E4CC /* CoreLocation.framework */ = {isa = PBXFileReference; lastKnownFileType = wrapper.framework; name = CoreLocation.framework; path = System/Library/Frameworks/CoreLocation.framework; sourceTree = SDKROOT; };
		544444FE16A7CFF30004E4CC /* MapViewController.h */ = {isa = PBXFileReference; fileEncoding = 4; lastKnownFileType = sourcecode.c.h; path = MapViewController.h; sourceTree = "<group>"; };
		544444FF16A7CFF30004E4CC /* MapViewController.m */ = {isa = PBXFileReference; fileEncoding = 4; lastKnownFileType = sourcecode.c.objc; path = MapViewController.m; sourceTree = "<group>"; };
		5444450516A7DD580004E4CC /* Post.app */ = {isa = PBXFileReference; explicitFileType = wrapper.application; includeInIndex = 0; path = Post.app; sourceTree = BUILT_PRODUCTS_DIR; };
		5444453016A7DFFE0004E4CC /* PostViewController.h */ = {isa = PBXFileReference; fileEncoding = 4; lastKnownFileType = sourcecode.c.h; path = PostViewController.h; sourceTree = "<group>"; };
		5444453116A7DFFF0004E4CC /* PostViewController.m */ = {isa = PBXFileReference; fileEncoding = 4; lastKnownFileType = sourcecode.c.objc; path = PostViewController.m; sourceTree = "<group>"; };
		5444453316A7E0280004E4CC /* ReadPostViewController.h */ = {isa = PBXFileReference; fileEncoding = 4; lastKnownFileType = sourcecode.c.h; path = ReadPostViewController.h; sourceTree = "<group>"; };
		5444453416A7E0280004E4CC /* ReadPostViewController.m */ = {isa = PBXFileReference; fileEncoding = 4; lastKnownFileType = sourcecode.c.objc; path = ReadPostViewController.m; sourceTree = "<group>"; };
		5444453616A8BA1B0004E4CC /* DetailReadPostViewController.h */ = {isa = PBXFileReference; fileEncoding = 4; lastKnownFileType = sourcecode.c.h; path = DetailReadPostViewController.h; sourceTree = "<group>"; };
		5444453716A8BA1C0004E4CC /* DetailReadPostViewController.m */ = {isa = PBXFileReference; fileEncoding = 4; lastKnownFileType = sourcecode.c.objc; path = DetailReadPostViewController.m; sourceTree = "<group>"; };
		549639101695475100D9EFA4 /* CollectionViewController.h */ = {isa = PBXFileReference; fileEncoding = 4; lastKnownFileType = sourcecode.c.h; path = CollectionViewController.h; sourceTree = "<group>"; };
		549639111695475100D9EFA4 /* CollectionViewController.m */ = {isa = PBXFileReference; fileEncoding = 4; lastKnownFileType = sourcecode.c.objc; path = CollectionViewController.m; sourceTree = "<group>"; };
		54963918169A7FBB00D9EFA4 /* CollectionViewCell.h */ = {isa = PBXFileReference; fileEncoding = 4; lastKnownFileType = sourcecode.c.h; path = CollectionViewCell.h; sourceTree = "<group>"; };
		54963919169A7FBB00D9EFA4 /* CollectionViewCell.m */ = {isa = PBXFileReference; fileEncoding = 4; lastKnownFileType = sourcecode.c.objc; path = CollectionViewCell.m; sourceTree = "<group>"; };
		54AA0CB216C1D1A1001AC912 /* DetailView.app */ = {isa = PBXFileReference; explicitFileType = wrapper.application; includeInIndex = 0; path = DetailView.app; sourceTree = BUILT_PRODUCTS_DIR; };
		54AE6B60165359AE0062B9A4 /* n.png */ = {isa = PBXFileReference; lastKnownFileType = image.png; path = n.png; sourceTree = "<group>"; };
		54AE6B6216537CC00062B9A4 /* ViewController1.h */ = {isa = PBXFileReference; fileEncoding = 4; lastKnownFileType = sourcecode.c.h; path = ViewController1.h; sourceTree = "<group>"; };
		54AE6B6316537CC00062B9A4 /* ViewController1.m */ = {isa = PBXFileReference; fileEncoding = 4; lastKnownFileType = sourcecode.c.objc; path = ViewController1.m; sourceTree = "<group>"; };
		54AE6B6416537CC00062B9A4 /* ViewController1.xib */ = {isa = PBXFileReference; fileEncoding = 4; lastKnownFileType = file.xib; path = ViewController1.xib; sourceTree = "<group>"; };
		54AE6B6B165613A30062B9A4 /* StudentData.app */ = {isa = PBXFileReference; explicitFileType = wrapper.application; includeInIndex = 0; path = StudentData.app; sourceTree = BUILT_PRODUCTS_DIR; };
		54AE6B70165613A30062B9A4 /* CoreData.framework */ = {isa = PBXFileReference; lastKnownFileType = wrapper.framework; name = CoreData.framework; path = System/Library/Frameworks/CoreData.framework; sourceTree = SDKROOT; };
		54AE6B74165613A30062B9A4 /* StudentData-Info.plist */ = {isa = PBXFileReference; lastKnownFileType = text.plist.xml; path = "StudentData-Info.plist"; sourceTree = "<group>"; };
		54AE6B76165613A30062B9A4 /* en */ = {isa = PBXFileReference; lastKnownFileType = text.plist.strings; name = en; path = en.lproj/InfoPlist.strings; sourceTree = "<group>"; };
		54AE6B78165613A30062B9A4 /* main.m */ = {isa = PBXFileReference; lastKnownFileType = sourcecode.c.objc; path = main.m; sourceTree = "<group>"; };
		54AE6B7A165613A30062B9A4 /* StudentData-Prefix.pch */ = {isa = PBXFileReference; lastKnownFileType = sourcecode.c.h; path = "StudentData-Prefix.pch"; sourceTree = "<group>"; };
		54AE6B7B165613A30062B9A4 /* AppDelegate.h */ = {isa = PBXFileReference; lastKnownFileType = sourcecode.c.h; path = AppDelegate.h; sourceTree = "<group>"; };
		54AE6B7C165613A30062B9A4 /* AppDelegate.m */ = {isa = PBXFileReference; lastKnownFileType = sourcecode.c.objc; path = AppDelegate.m; sourceTree = "<group>"; };
		54AE6B7E165613A30062B9A4 /* Default.png */ = {isa = PBXFileReference; lastKnownFileType = image.png; path = Default.png; sourceTree = "<group>"; };
		54AE6B80165613A30062B9A4 /* Default@2x.png */ = {isa = PBXFileReference; lastKnownFileType = image.png; path = "Default@2x.png"; sourceTree = "<group>"; };
		54AE6B82165613A30062B9A4 /* Default-568h@2x.png */ = {isa = PBXFileReference; lastKnownFileType = image.png; path = "Default-568h@2x.png"; sourceTree = "<group>"; };
		54AE6B85165613A40062B9A4 /* StudentData.xcdatamodel */ = {isa = PBXFileReference; lastKnownFileType = wrapper.xcdatamodel; path = StudentData.xcdatamodel; sourceTree = "<group>"; };
		54AE6B8A165616A50062B9A4 /* Student.h */ = {isa = PBXFileReference; fileEncoding = 4; lastKnownFileType = sourcecode.c.h; path = Student.h; sourceTree = "<group>"; };
		54AE6B8B165616A50062B9A4 /* Student.m */ = {isa = PBXFileReference; fileEncoding = 4; lastKnownFileType = sourcecode.c.objc; path = Student.m; sourceTree = "<group>"; };
		54AE6B8D165618910062B9A4 /* AddStudentViewController.h */ = {isa = PBXFileReference; fileEncoding = 4; lastKnownFileType = sourcecode.c.h; path = AddStudentViewController.h; sourceTree = "<group>"; };
		54AE6B8E165618910062B9A4 /* AddStudentViewController.m */ = {isa = PBXFileReference; fileEncoding = 4; lastKnownFileType = sourcecode.c.objc; path = AddStudentViewController.m; sourceTree = "<group>"; };
		54AE6B8F165618910062B9A4 /* AddStudentViewController.xib */ = {isa = PBXFileReference; fileEncoding = 4; lastKnownFileType = file.xib; path = AddStudentViewController.xib; sourceTree = "<group>"; };
		54AFEDBD169166DC00EB13CE /* MainTabelView.app */ = {isa = PBXFileReference; explicitFileType = wrapper.application; includeInIndex = 0; path = MainTabelView.app; sourceTree = BUILT_PRODUCTS_DIR; };
		54BF8C9F16535724007A45D8 /* SaudiN'US.app */ = {isa = PBXFileReference; explicitFileType = wrapper.application; includeInIndex = 0; path = "SaudiN'US.app"; sourceTree = BUILT_PRODUCTS_DIR; };
		54BF8CA316535724007A45D8 /* UIKit.framework */ = {isa = PBXFileReference; lastKnownFileType = wrapper.framework; name = UIKit.framework; path = System/Library/Frameworks/UIKit.framework; sourceTree = SDKROOT; };
		54BF8CA516535724007A45D8 /* Foundation.framework */ = {isa = PBXFileReference; lastKnownFileType = wrapper.framework; name = Foundation.framework; path = System/Library/Frameworks/Foundation.framework; sourceTree = SDKROOT; };
		54BF8CA716535724007A45D8 /* CoreGraphics.framework */ = {isa = PBXFileReference; lastKnownFileType = wrapper.framework; name = CoreGraphics.framework; path = System/Library/Frameworks/CoreGraphics.framework; sourceTree = SDKROOT; };
		54BF8CAB16535725007A45D8 /* SaudiN'US-Info.plist */ = {isa = PBXFileReference; lastKnownFileType = text.plist.xml; path = "SaudiN'US-Info.plist"; sourceTree = "<group>"; };
		54BF8CAD16535725007A45D8 /* en */ = {isa = PBXFileReference; lastKnownFileType = text.plist.strings; name = en; path = en.lproj/InfoPlist.strings; sourceTree = "<group>"; };
		54BF8CAF16535725007A45D8 /* main.m */ = {isa = PBXFileReference; lastKnownFileType = sourcecode.c.objc; path = main.m; sourceTree = "<group>"; };
		54BF8CB116535725007A45D8 /* SaudiN'US-Prefix.pch */ = {isa = PBXFileReference; lastKnownFileType = sourcecode.c.h; path = "SaudiN'US-Prefix.pch"; sourceTree = "<group>"; };
		54BF8CB216535725007A45D8 /* AppDelegate.h */ = {isa = PBXFileReference; lastKnownFileType = sourcecode.c.h; path = AppDelegate.h; sourceTree = "<group>"; };
		54BF8CB316535725007A45D8 /* AppDelegate.m */ = {isa = PBXFileReference; lastKnownFileType = sourcecode.c.objc; path = AppDelegate.m; sourceTree = "<group>"; };
		54BF8CB716535725007A45D8 /* Default@2x.png */ = {isa = PBXFileReference; lastKnownFileType = image.png; path = "Default@2x.png"; sourceTree = "<group>"; };
		54BF8CB916535725007A45D8 /* Default-568h@2x.png */ = {isa = PBXFileReference; lastKnownFileType = image.png; path = "Default-568h@2x.png"; sourceTree = "<group>"; };
		54BF8CBC16535725007A45D8 /* en */ = {isa = PBXFileReference; lastKnownFileType = file.storyboard; name = en; path = en.lproj/MainStoryboard.storyboard; sourceTree = "<group>"; };
		54BF8CBE16535725007A45D8 /* ViewController.h */ = {isa = PBXFileReference; lastKnownFileType = sourcecode.c.h; path = ViewController.h; sourceTree = "<group>"; };
		54BF8CBF16535725007A45D8 /* ViewController.m */ = {isa = PBXFileReference; lastKnownFileType = sourcecode.c.objc; path = ViewController.m; sourceTree = "<group>"; };
		54BF8CC7165357AB007A45D8 /* background.png.jpg */ = {isa = PBXFileReference; lastKnownFileType = image.jpeg; path = background.png.jpg; sourceTree = "<group>"; };
		54BF8CC8165357AB007A45D8 /* icone.png.jpeg */ = {isa = PBXFileReference; lastKnownFileType = image.jpeg; path = icone.png.jpeg; sourceTree = "<group>"; };
		54BF8CCB165357DD007A45D8 /* Default.png */ = {isa = PBXFileReference; lastKnownFileType = image.png; name = Default.png; path = "../../SaudiNus/SaudiNus/app photos/Default.png"; sourceTree = "<group>"; };
		54BF8CCD1653583B007A45D8 /* Default.png */ = {isa = PBXFileReference; lastKnownFileType = image.png; path = Default.png; sourceTree = "<group>"; };
		54BF9F8D16C448DA0061D1A6 /* something.app */ = {isa = PBXFileReference; explicitFileType = wrapper.application; includeInIndex = 0; path = something.app; sourceTree = BUILT_PRODUCTS_DIR; };
		54BF9F9416C448DA0061D1A6 /* something-Info.plist */ = {isa = PBXFileReference; lastKnownFileType = text.plist.xml; path = "something-Info.plist"; sourceTree = "<group>"; };
		54BF9F9616C448DA0061D1A6 /* en */ = {isa = PBXFileReference; lastKnownFileType = text.plist.strings; name = en; path = en.lproj/InfoPlist.strings; sourceTree = "<group>"; };
		54BF9F9816C448DA0061D1A6 /* main.m */ = {isa = PBXFileReference; lastKnownFileType = sourcecode.c.objc; path = main.m; sourceTree = "<group>"; };
		54BF9F9A16C448DA0061D1A6 /* something-Prefix.pch */ = {isa = PBXFileReference; lastKnownFileType = sourcecode.c.h; path = "something-Prefix.pch"; sourceTree = "<group>"; };
		54BF9F9B16C448DA0061D1A6 /* AppDelegate.h */ = {isa = PBXFileReference; lastKnownFileType = sourcecode.c.h; path = AppDelegate.h; sourceTree = "<group>"; };
		54BF9F9C16C448DA0061D1A6 /* AppDelegate.m */ = {isa = PBXFileReference; lastKnownFileType = sourcecode.c.objc; path = AppDelegate.m; sourceTree = "<group>"; };
		54BF9F9E16C448DA0061D1A6 /* Default.png */ = {isa = PBXFileReference; lastKnownFileType = image.png; path = Default.png; sourceTree = "<group>"; };
		54BF9FA016C448DA0061D1A6 /* Default@2x.png */ = {isa = PBXFileReference; lastKnownFileType = image.png; path = "Default@2x.png"; sourceTree = "<group>"; };
		54BF9FA216C448DA0061D1A6 /* Default-568h@2x.png */ = {isa = PBXFileReference; lastKnownFileType = image.png; path = "Default-568h@2x.png"; sourceTree = "<group>"; };
		54BF9FA516C448DA0061D1A6 /* en */ = {isa = PBXFileReference; lastKnownFileType = file.storyboard; name = en; path = en.lproj/MainStoryboard.storyboard; sourceTree = "<group>"; };
		54BF9FA816C448DA0061D1A6 /* something.xcdatamodel */ = {isa = PBXFileReference; lastKnownFileType = wrapper.xcdatamodel; path = something.xcdatamodel; sourceTree = "<group>"; };
		54BF9FAA16C448DA0061D1A6 /* MasterViewController.h */ = {isa = PBXFileReference; lastKnownFileType = sourcecode.c.h; path = MasterViewController.h; sourceTree = "<group>"; };
		54BF9FAB16C448DA0061D1A6 /* MasterViewController.m */ = {isa = PBXFileReference; lastKnownFileType = sourcecode.c.objc; path = MasterViewController.m; sourceTree = "<group>"; };
		54BF9FAD16C448DA0061D1A6 /* DetailViewController.h */ = {isa = PBXFileReference; lastKnownFileType = sourcecode.c.h; path = DetailViewController.h; sourceTree = "<group>"; };
		54BF9FAE16C448DA0061D1A6 /* DetailViewController.m */ = {isa = PBXFileReference; lastKnownFileType = sourcecode.c.objc; path = DetailViewController.m; sourceTree = "<group>"; };
/* End PBXFileReference section */

/* Begin PBXFrameworksBuildPhase section */
		5444450216A7DD580004E4CC /* Frameworks */ = {
			isa = PBXFrameworksBuildPhase;
			buildActionMask = 2147483647;
			files = (
				5444450716A7DD580004E4CC /* UIKit.framework in Frameworks */,
				5444450816A7DD580004E4CC /* Foundation.framework in Frameworks */,
				5444450916A7DD580004E4CC /* CoreGraphics.framework in Frameworks */,
			);
			runOnlyForDeploymentPostprocessing = 0;
		};
		54AA0CAF16C1D1A1001AC912 /* Frameworks */ = {
			isa = PBXFrameworksBuildPhase;
			buildActionMask = 2147483647;
			files = (
				54AA0CB316C1D1A1001AC912 /* UIKit.framework in Frameworks */,
				54AA0CB416C1D1A1001AC912 /* Foundation.framework in Frameworks */,
				54AA0CB516C1D1A1001AC912 /* CoreGraphics.framework in Frameworks */,
				54AA0CB616C1D1A1001AC912 /* CoreData.framework in Frameworks */,
			);
			runOnlyForDeploymentPostprocessing = 0;
		};
		54AE6B68165613A30062B9A4 /* Frameworks */ = {
			isa = PBXFrameworksBuildPhase;
			buildActionMask = 2147483647;
			files = (
				54AE6B6D165613A30062B9A4 /* UIKit.framework in Frameworks */,
				54AE6B6E165613A30062B9A4 /* Foundation.framework in Frameworks */,
				54AE6B6F165613A30062B9A4 /* CoreGraphics.framework in Frameworks */,
				54AE6B71165613A30062B9A4 /* CoreData.framework in Frameworks */,
			);
			runOnlyForDeploymentPostprocessing = 0;
		};
		54AFEDBA169166DC00EB13CE /* Frameworks */ = {
			isa = PBXFrameworksBuildPhase;
			buildActionMask = 2147483647;
			files = (
				54AFEDBF169166DC00EB13CE /* UIKit.framework in Frameworks */,
				54AFEDC0169166DC00EB13CE /* Foundation.framework in Frameworks */,
				54AFEDC1169166DC00EB13CE /* CoreGraphics.framework in Frameworks */,
			);
			runOnlyForDeploymentPostprocessing = 0;
		};
		54BF8C9C16535724007A45D8 /* Frameworks */ = {
			isa = PBXFrameworksBuildPhase;
			buildActionMask = 2147483647;
			files = (
				544444FD16A7CF040004E4CC /* CoreLocation.framework in Frameworks */,
				544444FB16A7CEEC0004E4CC /* MapKit.framework in Frameworks */,
				54BF8CA416535724007A45D8 /* UIKit.framework in Frameworks */,
				54BF8CA616535724007A45D8 /* Foundation.framework in Frameworks */,
				54BF8CA816535724007A45D8 /* CoreGraphics.framework in Frameworks */,
			);
			runOnlyForDeploymentPostprocessing = 0;
		};
		54BF9F8A16C448DA0061D1A6 /* Frameworks */ = {
			isa = PBXFrameworksBuildPhase;
			buildActionMask = 2147483647;
			files = (
				54BF9F8E16C448DA0061D1A6 /* UIKit.framework in Frameworks */,
				54BF9F8F16C448DA0061D1A6 /* Foundation.framework in Frameworks */,
				54BF9F9016C448DA0061D1A6 /* CoreGraphics.framework in Frameworks */,
				54BF9F9116C448DA0061D1A6 /* CoreData.framework in Frameworks */,
			);
			runOnlyForDeploymentPostprocessing = 0;
		};
/* End PBXFrameworksBuildPhase section */

/* Begin PBXGroup section */
		5496391B169A846A00D9EFA4 /* CellImages */ = {
			isa = PBXGroup;
			children = (
				544444E816A692790004E4CC /* 1.png */,
				544444E916A692790004E4CC /* 2.jpg */,
				544444EA16A692790004E4CC /* 3.jpg */,
				544444EB16A692790004E4CC /* 4.jpg */,
				544444EC16A692790004E4CC /* 5.jpg */,
				544444ED16A692790004E4CC /* 6.jpg */,
			);
			name = CellImages;
			sourceTree = "<group>";
		};
		54AE6B72165613A30062B9A4 /* StudentData */ = {
			isa = PBXGroup;
			children = (
				54AE6B7B165613A30062B9A4 /* AppDelegate.h */,
				54AE6B7C165613A30062B9A4 /* AppDelegate.m */,
				54AE6B84165613A40062B9A4 /* StudentData.xcdatamodeld */,
				54AE6B8A165616A50062B9A4 /* Student.h */,
				54AE6B8B165616A50062B9A4 /* Student.m */,
				54AE6B8D165618910062B9A4 /* AddStudentViewController.h */,
				54AE6B8E165618910062B9A4 /* AddStudentViewController.m */,
				54AE6B8F165618910062B9A4 /* AddStudentViewController.xib */,
				54AE6B73165613A30062B9A4 /* Supporting Files */,
			);
			name = StudentData;
			path = ../StudentData;
			sourceTree = "<group>";
		};
		54AE6B73165613A30062B9A4 /* Supporting Files */ = {
			isa = PBXGroup;
			children = (
				54AE6B74165613A30062B9A4 /* StudentData-Info.plist */,
				54AE6B75165613A30062B9A4 /* InfoPlist.strings */,
				54AE6B78165613A30062B9A4 /* main.m */,
				54AE6B7A165613A30062B9A4 /* StudentData-Prefix.pch */,
				54AE6B7E165613A30062B9A4 /* Default.png */,
				54AE6B80165613A30062B9A4 /* Default@2x.png */,
				54AE6B82165613A30062B9A4 /* Default-568h@2x.png */,
			);
			name = "Supporting Files";
			sourceTree = "<group>";
		};
		54BF8C9416535724007A45D8 = {
			isa = PBXGroup;
			children = (
				54AE6B60165359AE0062B9A4 /* n.png */,
				54BF8CCD1653583B007A45D8 /* Default.png */,
				54BF8CA916535725007A45D8 /* SaudiN'US */,
				54BF9F9216C448DA0061D1A6 /* something */,
				54BF8CA216535724007A45D8 /* Frameworks */,
				54BF8CA016535724007A45D8 /* Products */,
			);
			sourceTree = "<group>";
		};
		54BF8CA016535724007A45D8 /* Products */ = {
			isa = PBXGroup;
			children = (
				54BF8C9F16535724007A45D8 /* SaudiN'US.app */,
				54AE6B6B165613A30062B9A4 /* StudentData.app */,
				54AFEDBD169166DC00EB13CE /* MainTabelView.app */,
				5444450516A7DD580004E4CC /* Post.app */,
				54AA0CB216C1D1A1001AC912 /* DetailView.app */,
				54BF9F8D16C448DA0061D1A6 /* something.app */,
			);
			name = Products;
			sourceTree = "<group>";
		};
		54BF8CA216535724007A45D8 /* Frameworks */ = {
			isa = PBXGroup;
			children = (
				544444FC16A7CF040004E4CC /* CoreLocation.framework */,
				544444FA16A7CEEC0004E4CC /* MapKit.framework */,
				54BF8CA316535724007A45D8 /* UIKit.framework */,
				54BF8CA516535724007A45D8 /* Foundation.framework */,
				54BF8CA716535724007A45D8 /* CoreGraphics.framework */,
				54AE6B70165613A30062B9A4 /* CoreData.framework */,
			);
			name = Frameworks;
			sourceTree = "<group>";
		};
		54BF8CA916535725007A45D8 /* SaudiN'US */ = {
			isa = PBXGroup;
			children = (
				5496391B169A846A00D9EFA4 /* CellImages */,
				54BF8CB216535725007A45D8 /* AppDelegate.h */,
				54BF8CB316535725007A45D8 /* AppDelegate.m */,
				54BF8CBB16535725007A45D8 /* MainStoryboard.storyboard */,
				5444453016A7DFFE0004E4CC /* PostViewController.h */,
				5444453116A7DFFF0004E4CC /* PostViewController.m */,
				5444453316A7E0280004E4CC /* ReadPostViewController.h */,
				5444453416A7E0280004E4CC /* ReadPostViewController.m */,
				5444453616A8BA1B0004E4CC /* DetailReadPostViewController.h */,
				5444453716A8BA1C0004E4CC /* DetailReadPostViewController.m */,
				544444FE16A7CFF30004E4CC /* MapViewController.h */,
				544444FF16A7CFF30004E4CC /* MapViewController.m */,
				544444F416A7BDAD0004E4CC /* iSMainViewController.h */,
				544444F516A7BDAD0004E4CC /* iSMainViewController.m */,
				544444E416A344BD0004E4CC /* Universities.h */,
				544444E516A344BD0004E4CC /* Universities.m */,
				54963918169A7FBB00D9EFA4 /* CollectionViewCell.h */,
				54963919169A7FBB00D9EFA4 /* CollectionViewCell.m */,
				549639101695475100D9EFA4 /* CollectionViewController.h */,
				549639111695475100D9EFA4 /* CollectionViewController.m */,
				54AE6B6216537CC00062B9A4 /* ViewController1.h */,
				54AE6B6316537CC00062B9A4 /* ViewController1.m */,
				54AE6B6416537CC00062B9A4 /* ViewController1.xib */,
				54BF8CBE16535725007A45D8 /* ViewController.h */,
				54BF8CBF16535725007A45D8 /* ViewController.m */,
				54AE6B72165613A30062B9A4 /* StudentData */,
				54BF8CAA16535725007A45D8 /* Supporting Files */,
			);
			path = "SaudiN'US";
			sourceTree = "<group>";
		};
		54BF8CAA16535725007A45D8 /* Supporting Files */ = {
			isa = PBXGroup;
			children = (
				54BF8CC6165357AB007A45D8 /* app photos */,
				54BF8CAB16535725007A45D8 /* SaudiN'US-Info.plist */,
				54BF8CAC16535725007A45D8 /* InfoPlist.strings */,
				54BF8CAF16535725007A45D8 /* main.m */,
				54BF8CB116535725007A45D8 /* SaudiN'US-Prefix.pch */,
				54BF8CCB165357DD007A45D8 /* Default.png */,
				54BF8CB716535725007A45D8 /* Default@2x.png */,
				54BF8CB916535725007A45D8 /* Default-568h@2x.png */,
			);
			name = "Supporting Files";
			sourceTree = "<group>";
		};
		54BF8CC6165357AB007A45D8 /* app photos */ = {
			isa = PBXGroup;
			children = (
				54BF8CC7165357AB007A45D8 /* background.png.jpg */,
				54BF8CC8165357AB007A45D8 /* icone.png.jpeg */,
			);
			name = "app photos";
			path = "../../app photos";
			sourceTree = "<group>";
		};
		54BF9F9216C448DA0061D1A6 /* something */ = {
			isa = PBXGroup;
			children = (
				54BF9F9B16C448DA0061D1A6 /* AppDelegate.h */,
				54BF9F9C16C448DA0061D1A6 /* AppDelegate.m */,
				54BF9FA416C448DA0061D1A6 /* MainStoryboard.storyboard */,
				54BF9FAA16C448DA0061D1A6 /* MasterViewController.h */,
				54BF9FAB16C448DA0061D1A6 /* MasterViewController.m */,
				54BF9FAD16C448DA0061D1A6 /* DetailViewController.h */,
				54BF9FAE16C448DA0061D1A6 /* DetailViewController.m */,
				54BF9FA716C448DA0061D1A6 /* something.xcdatamodeld */,
				54BF9F9316C448DA0061D1A6 /* Supporting Files */,
			);
			path = something;
			sourceTree = "<group>";
		};
		54BF9F9316C448DA0061D1A6 /* Supporting Files */ = {
			isa = PBXGroup;
			children = (
				54BF9F9416C448DA0061D1A6 /* something-Info.plist */,
				54BF9F9516C448DA0061D1A6 /* InfoPlist.strings */,
				54BF9F9816C448DA0061D1A6 /* main.m */,
				54BF9F9A16C448DA0061D1A6 /* something-Prefix.pch */,
				54BF9F9E16C448DA0061D1A6 /* Default.png */,
				54BF9FA016C448DA0061D1A6 /* Default@2x.png */,
				54BF9FA216C448DA0061D1A6 /* Default-568h@2x.png */,
			);
			name = "Supporting Files";
			sourceTree = "<group>";
		};
/* End PBXGroup section */

/* Begin PBXNativeTarget section */
		5444450416A7DD580004E4CC /* Post */ = {
			isa = PBXNativeTarget;
			buildConfigurationList = 5444452D16A7DD580004E4CC /* Build configuration list for PBXNativeTarget "Post" */;
			buildPhases = (
				5444450116A7DD580004E4CC /* Sources */,
				5444450216A7DD580004E4CC /* Frameworks */,
				5444450316A7DD580004E4CC /* Resources */,
			);
			buildRules = (
			);
			dependencies = (
			);
			name = Post;
			productName = Post;
			productReference = 5444450516A7DD580004E4CC /* Post.app */;
			productType = "com.apple.product-type.application";
		};
		54AA0CB116C1D1A1001AC912 /* DetailView */ = {
			isa = PBXNativeTarget;
			buildConfigurationList = 54AA0CD716C1D1A1001AC912 /* Build configuration list for PBXNativeTarget "DetailView" */;
			buildPhases = (
				54AA0CAE16C1D1A1001AC912 /* Sources */,
				54AA0CAF16C1D1A1001AC912 /* Frameworks */,
				54AA0CB016C1D1A1001AC912 /* Resources */,
			);
			buildRules = (
			);
			dependencies = (
			);
			name = DetailView;
			productName = DetailView;
			productReference = 54AA0CB216C1D1A1001AC912 /* DetailView.app */;
			productType = "com.apple.product-type.application";
		};
		54AE6B6A165613A30062B9A4 /* StudentData */ = {
			isa = PBXNativeTarget;
			buildConfigurationList = 54AE6B87165613A40062B9A4 /* Build configuration list for PBXNativeTarget "StudentData" */;
			buildPhases = (
				54AE6B67165613A30062B9A4 /* Sources */,
				54AE6B68165613A30062B9A4 /* Frameworks */,
				54AE6B69165613A30062B9A4 /* Resources */,
			);
			buildRules = (
			);
			dependencies = (
			);
			name = StudentData;
			productName = StudentData;
			productReference = 54AE6B6B165613A30062B9A4 /* StudentData.app */;
			productType = "com.apple.product-type.application";
		};
		54AFEDBC169166DC00EB13CE /* MainTabelView */ = {
			isa = PBXNativeTarget;
			buildConfigurationList = 54AFEDDC169166DC00EB13CE /* Build configuration list for PBXNativeTarget "MainTabelView" */;
			buildPhases = (
				54AFEDB9169166DC00EB13CE /* Sources */,
				54AFEDBA169166DC00EB13CE /* Frameworks */,
				54AFEDBB169166DC00EB13CE /* Resources */,
			);
			buildRules = (
			);
			dependencies = (
			);
			name = MainTabelView;
			productName = MainTabelView;
			productReference = 54AFEDBD169166DC00EB13CE /* MainTabelView.app */;
			productType = "com.apple.product-type.application";
		};
		54BF8C9E16535724007A45D8 /* SaudiN'US */ = {
			isa = PBXNativeTarget;
			buildConfigurationList = 54BF8CC316535725007A45D8 /* Build configuration list for PBXNativeTarget "SaudiN'US" */;
			buildPhases = (
				54BF8C9B16535724007A45D8 /* Sources */,
				54BF8C9C16535724007A45D8 /* Frameworks */,
				54BF8C9D16535724007A45D8 /* Resources */,
			);
			buildRules = (
			);
			dependencies = (
			);
			name = "SaudiN'US";
			productName = "SaudiN'US";
			productReference = 54BF8C9F16535724007A45D8 /* SaudiN'US.app */;
			productType = "com.apple.product-type.application";
		};
		54BF9F8C16C448DA0061D1A6 /* something */ = {
			isa = PBXNativeTarget;
			buildConfigurationList = 54BF9FB216C448DB0061D1A6 /* Build configuration list for PBXNativeTarget "something" */;
			buildPhases = (
				54BF9F8916C448DA0061D1A6 /* Sources */,
				54BF9F8A16C448DA0061D1A6 /* Frameworks */,
				54BF9F8B16C448DA0061D1A6 /* Resources */,
			);
			buildRules = (
			);
			dependencies = (
			);
			name = something;
			productName = something;
			productReference = 54BF9F8D16C448DA0061D1A6 /* something.app */;
			productType = "com.apple.product-type.application";
		};
/* End PBXNativeTarget section */

/* Begin PBXProject section */
		54BF8C9616535724007A45D8 /* Project object */ = {
			isa = PBXProject;
			attributes = {
				LastUpgradeCheck = 0450;
				ORGANIZATIONNAME = "Obie Haiek";
			};
			buildConfigurationList = 54BF8C9916535724007A45D8 /* Build configuration list for PBXProject "SaudiN'US" */;
			compatibilityVersion = "Xcode 3.2";
			developmentRegion = English;
			hasScannedForEncodings = 0;
			knownRegions = (
				en,
			);
			mainGroup = 54BF8C9416535724007A45D8;
			productRefGroup = 54BF8CA016535724007A45D8 /* Products */;
			projectDirPath = "";
			projectRoot = "";
			targets = (
				54BF8C9E16535724007A45D8 /* SaudiN'US */,
				54AE6B6A165613A30062B9A4 /* StudentData */,
				54AFEDBC169166DC00EB13CE /* MainTabelView */,
				5444450416A7DD580004E4CC /* Post */,
				54AA0CB116C1D1A1001AC912 /* DetailView */,
				54BF9F8C16C448DA0061D1A6 /* something */,
			);
		};
/* End PBXProject section */

/* Begin PBXResourcesBuildPhase section */
		5444450316A7DD580004E4CC /* Resources */ = {
			isa = PBXResourcesBuildPhase;
			buildActionMask = 2147483647;
			files = (
			);
			runOnlyForDeploymentPostprocessing = 0;
		};
		54AA0CB016C1D1A1001AC912 /* Resources */ = {
			isa = PBXResourcesBuildPhase;
			buildActionMask = 2147483647;
			files = (
			);
			runOnlyForDeploymentPostprocessing = 0;
		};
		54AE6B69165613A30062B9A4 /* Resources */ = {
			isa = PBXResourcesBuildPhase;
			buildActionMask = 2147483647;
			files = (
				54AE6B77165613A30062B9A4 /* InfoPlist.strings in Resources */,
				54AE6B7F165613A30062B9A4 /* Default.png in Resources */,
				54AE6B81165613A30062B9A4 /* Default@2x.png in Resources */,
				54AE6B83165613A30062B9A4 /* Default-568h@2x.png in Resources */,
				54AE6B91165618910062B9A4 /* AddStudentViewController.xib in Resources */,
			);
			runOnlyForDeploymentPostprocessing = 0;
		};
		54AFEDBB169166DC00EB13CE /* Resources */ = {
			isa = PBXResourcesBuildPhase;
			buildActionMask = 2147483647;
			files = (
			);
			runOnlyForDeploymentPostprocessing = 0;
		};
		54BF8C9D16535724007A45D8 /* Resources */ = {
			isa = PBXResourcesBuildPhase;
			buildActionMask = 2147483647;
			files = (
				54BF8CAE16535725007A45D8 /* InfoPlist.strings in Resources */,
				54BF8CB816535725007A45D8 /* Default@2x.png in Resources */,
				54BF8CBA16535725007A45D8 /* Default-568h@2x.png in Resources */,
				54BF8CBD16535725007A45D8 /* MainStoryboard.storyboard in Resources */,
				54BF8CC9165357AB007A45D8 /* background.png.jpg in Resources */,
				54BF8CCA165357AB007A45D8 /* icone.png.jpeg in Resources */,
				54BF8CCC165357DD007A45D8 /* Default.png in Resources */,
				54AE6B61165359AE0062B9A4 /* n.png in Resources */,
				54AE6B6616537CC00062B9A4 /* ViewController1.xib in Resources */,
				544444EE16A692790004E4CC /* 1.png in Resources */,
				544444EF16A692790004E4CC /* 2.jpg in Resources */,
				544444F016A692790004E4CC /* 3.jpg in Resources */,
				544444F116A692790004E4CC /* 4.jpg in Resources */,
				544444F216A692790004E4CC /* 5.jpg in Resources */,
				544444F316A692790004E4CC /* 6.jpg in Resources */,
			);
			runOnlyForDeploymentPostprocessing = 0;
		};
		54BF9F8B16C448DA0061D1A6 /* Resources */ = {
			isa = PBXResourcesBuildPhase;
			buildActionMask = 2147483647;
			files = (
				54BF9F9716C448DA0061D1A6 /* InfoPlist.strings in Resources */,
				54BF9F9F16C448DA0061D1A6 /* Default.png in Resources */,
				54BF9FA116C448DA0061D1A6 /* Default@2x.png in Resources */,
				54BF9FA316C448DA0061D1A6 /* Default-568h@2x.png in Resources */,
				54BF9FA616C448DA0061D1A6 /* MainStoryboard.storyboard in Resources */,
			);
			runOnlyForDeploymentPostprocessing = 0;
		};
/* End PBXResourcesBuildPhase section */

/* Begin PBXSourcesBuildPhase section */
		5444450116A7DD580004E4CC /* Sources */ = {
			isa = PBXSourcesBuildPhase;
			buildActionMask = 2147483647;
			files = (
			);
			runOnlyForDeploymentPostprocessing = 0;
		};
		54AA0CAE16C1D1A1001AC912 /* Sources */ = {
			isa = PBXSourcesBuildPhase;
			buildActionMask = 2147483647;
			files = (
			);
			runOnlyForDeploymentPostprocessing = 0;
		};
		54AE6B67165613A30062B9A4 /* Sources */ = {
			isa = PBXSourcesBuildPhase;
			buildActionMask = 2147483647;
			files = (
				54AE6B79165613A30062B9A4 /* main.m in Sources */,
				54AE6B7D165613A30062B9A4 /* AppDelegate.m in Sources */,
				54AE6B86165613A40062B9A4 /* StudentData.xcdatamodeld in Sources */,
				54AE6B8C165616A50062B9A4 /* Student.m in Sources */,
				54AE6B90165618910062B9A4 /* AddStudentViewController.m in Sources */,
			);
			runOnlyForDeploymentPostprocessing = 0;
		};
		54AFEDB9169166DC00EB13CE /* Sources */ = {
			isa = PBXSourcesBuildPhase;
			buildActionMask = 2147483647;
			files = (
			);
			runOnlyForDeploymentPostprocessing = 0;
		};
		54BF8C9B16535724007A45D8 /* Sources */ = {
			isa = PBXSourcesBuildPhase;
			buildActionMask = 2147483647;
			files = (
				54BF8CB016535725007A45D8 /* main.m in Sources */,
				54BF8CB416535725007A45D8 /* AppDelegate.m in Sources */,
				54BF8CC016535725007A45D8 /* ViewController.m in Sources */,
				54AE6B6516537CC00062B9A4 /* ViewController1.m in Sources */,
				549639121695475100D9EFA4 /* CollectionViewController.m in Sources */,
				5496391A169A7FBB00D9EFA4 /* CollectionViewCell.m in Sources */,
				544444E616A344BD0004E4CC /* Universities.m in Sources */,
				544444F616A7BDAD0004E4CC /* iSMainViewController.m in Sources */,
				5444450016A7CFF30004E4CC /* MapViewController.m in Sources */,
				5444453216A7DFFF0004E4CC /* PostViewController.m in Sources */,
				5444453516A7E0280004E4CC /* ReadPostViewController.m in Sources */,
				5444453816A8BA1D0004E4CC /* DetailReadPostViewController.m in Sources */,
			);
			runOnlyForDeploymentPostprocessing = 0;
		};
		54BF9F8916C448DA0061D1A6 /* Sources */ = {
			isa = PBXSourcesBuildPhase;
			buildActionMask = 2147483647;
			files = (
				54BF9F9916C448DA0061D1A6 /* main.m in Sources */,
				54BF9F9D16C448DA0061D1A6 /* AppDelegate.m in Sources */,
				54BF9FA916C448DA0061D1A6 /* something.xcdatamodeld in Sources */,
				54BF9FAC16C448DA0061D1A6 /* MasterViewController.m in Sources */,
				54BF9FAF16C448DA0061D1A6 /* DetailViewController.m in Sources */,
			);
			runOnlyForDeploymentPostprocessing = 0;
		};
/* End PBXSourcesBuildPhase section */

/* Begin PBXVariantGroup section */
		54AE6B75165613A30062B9A4 /* InfoPlist.strings */ = {
			isa = PBXVariantGroup;
			children = (
				54AE6B76165613A30062B9A4 /* en */,
			);
			name = InfoPlist.strings;
			sourceTree = "<group>";
		};
		54BF8CAC16535725007A45D8 /* InfoPlist.strings */ = {
			isa = PBXVariantGroup;
			children = (
				54BF8CAD16535725007A45D8 /* en */,
			);
			name = InfoPlist.strings;
			sourceTree = "<group>";
		};
		54BF8CBB16535725007A45D8 /* MainStoryboard.storyboard */ = {
			isa = PBXVariantGroup;
			children = (
				54BF8CBC16535725007A45D8 /* en */,
			);
			name = MainStoryboard.storyboard;
			sourceTree = "<group>";
		};
		54BF9F9516C448DA0061D1A6 /* InfoPlist.strings */ = {
			isa = PBXVariantGroup;
			children = (
				54BF9F9616C448DA0061D1A6 /* en */,
			);
			name = InfoPlist.strings;
			sourceTree = "<group>";
		};
		54BF9FA416C448DA0061D1A6 /* MainStoryboard.storyboard */ = {
			isa = PBXVariantGroup;
			children = (
				54BF9FA516C448DA0061D1A6 /* en */,
			);
			name = MainStoryboard.storyboard;
			sourceTree = "<group>";
		};
/* End PBXVariantGroup section */

/* Begin XCBuildConfiguration section */
		5444452E16A7DD580004E4CC /* Debug */ = {
			isa = XCBuildConfiguration;
			buildSettings = {
				"CODE_SIGN_IDENTITY[sdk=iphoneos*]" = "iPhone Developer";
				GCC_PRECOMPILE_PREFIX_HEADER = YES;
				GCC_PREFIX_HEADER = "Post/Post-Prefix.pch";
				INFOPLIST_FILE = "Post/Post-Info.plist";
				PRODUCT_NAME = "$(TARGET_NAME)";
				WRAPPER_EXTENSION = app;
			};
			name = Debug;
		};
		5444452F16A7DD580004E4CC /* Release */ = {
			isa = XCBuildConfiguration;
			buildSettings = {
				"CODE_SIGN_IDENTITY[sdk=iphoneos*]" = "iPhone Developer";
				GCC_PRECOMPILE_PREFIX_HEADER = YES;
				GCC_PREFIX_HEADER = "Post/Post-Prefix.pch";
				INFOPLIST_FILE = "Post/Post-Info.plist";
				PRODUCT_NAME = "$(TARGET_NAME)";
				WRAPPER_EXTENSION = app;
			};
			name = Release;
		};
		54AA0CD516C1D1A1001AC912 /* Debug */ = {
			isa = XCBuildConfiguration;
			buildSettings = {
				CLANG_WARN_CONSTANT_CONVERSION = YES;
				CLANG_WARN_ENUM_CONVERSION = YES;
				CLANG_WARN_INT_CONVERSION = YES;
				"CODE_SIGN_IDENTITY[sdk=iphoneos*]" = "iPhone Developer";
				GCC_PRECOMPILE_PREFIX_HEADER = YES;
				GCC_PREFIX_HEADER = "DetailView/DetailView-Prefix.pch";
				INFOPLIST_FILE = "DetailView/DetailView-Info.plist";
				IPHONEOS_DEPLOYMENT_TARGET = 6.1;
				PRODUCT_NAME = "$(TARGET_NAME)";
				WRAPPER_EXTENSION = app;
			};
			name = Debug;
		};
		54AA0CD616C1D1A1001AC912 /* Release */ = {
			isa = XCBuildConfiguration;
			buildSettings = {
				CLANG_WARN_CONSTANT_CONVERSION = YES;
				CLANG_WARN_ENUM_CONVERSION = YES;
				CLANG_WARN_INT_CONVERSION = YES;
				"CODE_SIGN_IDENTITY[sdk=iphoneos*]" = "iPhone Developer";
				GCC_PRECOMPILE_PREFIX_HEADER = YES;
				GCC_PREFIX_HEADER = "DetailView/DetailView-Prefix.pch";
				INFOPLIST_FILE = "DetailView/DetailView-Info.plist";
				IPHONEOS_DEPLOYMENT_TARGET = 6.1;
				PRODUCT_NAME = "$(TARGET_NAME)";
				WRAPPER_EXTENSION = app;
			};
			name = Release;
		};
		54AE6B88165613A40062B9A4 /* Debug */ = {
			isa = XCBuildConfiguration;
			buildSettings = {
				"CODE_SIGN_IDENTITY[sdk=iphoneos*]" = "iPhone Developer";
				GCC_PRECOMPILE_PREFIX_HEADER = YES;
				GCC_PREFIX_HEADER = "StudentData/StudentData-Prefix.pch";
				INFOPLIST_FILE = "StudentData/StudentData-Info.plist";
				PRODUCT_NAME = "$(TARGET_NAME)";
				WRAPPER_EXTENSION = app;
			};
			name = Debug;
		};
		54AE6B89165613A40062B9A4 /* Release */ = {
			isa = XCBuildConfiguration;
			buildSettings = {
				"CODE_SIGN_IDENTITY[sdk=iphoneos*]" = "iPhone Developer";
				GCC_PRECOMPILE_PREFIX_HEADER = YES;
				GCC_PREFIX_HEADER = "StudentData/StudentData-Prefix.pch";
				INFOPLIST_FILE = "StudentData/StudentData-Info.plist";
				PRODUCT_NAME = "$(TARGET_NAME)";
				WRAPPER_EXTENSION = app;
			};
			name = Release;
		};
		54AFEDDA169166DC00EB13CE /* Debug */ = {
			isa = XCBuildConfiguration;
			buildSettings = {
				"CODE_SIGN_IDENTITY[sdk=iphoneos*]" = "iPhone Developer";
				GCC_PRECOMPILE_PREFIX_HEADER = YES;
				GCC_PREFIX_HEADER = "MainTabelView/MainTabelView-Prefix.pch";
				INFOPLIST_FILE = "MainTabelView/MainTabelView-Info.plist";
				PRODUCT_NAME = "$(TARGET_NAME)";
				WRAPPER_EXTENSION = app;
			};
			name = Debug;
		};
		54AFEDDB169166DC00EB13CE /* Release */ = {
			isa = XCBuildConfiguration;
			buildSettings = {
				"CODE_SIGN_IDENTITY[sdk=iphoneos*]" = "iPhone Developer";
				GCC_PRECOMPILE_PREFIX_HEADER = YES;
				GCC_PREFIX_HEADER = "MainTabelView/MainTabelView-Prefix.pch";
				INFOPLIST_FILE = "MainTabelView/MainTabelView-Info.plist";
				PRODUCT_NAME = "$(TARGET_NAME)";
				WRAPPER_EXTENSION = app;
			};
			name = Release;
		};
		54BF8CC116535725007A45D8 /* Debug */ = {
			isa = XCBuildConfiguration;
			buildSettings = {
				ALWAYS_SEARCH_USER_PATHS = NO;
				CLANG_CXX_LANGUAGE_STANDARD = "gnu++0x";
				CLANG_CXX_LIBRARY = "libc++";
				CLANG_ENABLE_OBJC_ARC = YES;
				CLANG_WARN_EMPTY_BODY = YES;
				CLANG_WARN__DUPLICATE_METHOD_MATCH = YES;
				"CODE_SIGN_IDENTITY[sdk=iphoneos*]" = "iPhone Developer";
				COPY_PHASE_STRIP = NO;
				GCC_C_LANGUAGE_STANDARD = gnu99;
				GCC_DYNAMIC_NO_PIC = NO;
				GCC_OPTIMIZATION_LEVEL = 0;
				GCC_PREPROCESSOR_DEFINITIONS = (
					"DEBUG=1",
					"$(inherited)",
				);
				GCC_SYMBOLS_PRIVATE_EXTERN = NO;
				GCC_WARN_ABOUT_RETURN_TYPE = YES;
				GCC_WARN_UNINITIALIZED_AUTOS = YES;
				GCC_WARN_UNUSED_VARIABLE = YES;
				IPHONEOS_DEPLOYMENT_TARGET = 6.0;
				ONLY_ACTIVE_ARCH = YES;
				SDKROOT = iphoneos;
			};
			name = Debug;
		};
		54BF8CC216535725007A45D8 /* Release */ = {
			isa = XCBuildConfiguration;
			buildSettings = {
				ALWAYS_SEARCH_USER_PATHS = NO;
				CLANG_CXX_LANGUAGE_STANDARD = "gnu++0x";
				CLANG_CXX_LIBRARY = "libc++";
				CLANG_ENABLE_OBJC_ARC = YES;
				CLANG_WARN_EMPTY_BODY = YES;
				CLANG_WARN__DUPLICATE_METHOD_MATCH = YES;
				"CODE_SIGN_IDENTITY[sdk=iphoneos*]" = "iPhone Developer";
				COPY_PHASE_STRIP = YES;
				GCC_C_LANGUAGE_STANDARD = gnu99;
				GCC_WARN_ABOUT_RETURN_TYPE = YES;
				GCC_WARN_UNINITIALIZED_AUTOS = YES;
				GCC_WARN_UNUSED_VARIABLE = YES;
				IPHONEOS_DEPLOYMENT_TARGET = 6.0;
				OTHER_CFLAGS = "-DNS_BLOCK_ASSERTIONS=1";
				SDKROOT = iphoneos;
				VALIDATE_PRODUCT = YES;
			};
			name = Release;
		};
		54BF8CC416535725007A45D8 /* Debug */ = {
			isa = XCBuildConfiguration;
			buildSettings = {
				GCC_PRECOMPILE_PREFIX_HEADER = YES;
				GCC_PREFIX_HEADER = "SaudiN'US/SaudiN'US-Prefix.pch";
				INFOPLIST_FILE = "SaudiN'US/SaudiN'US-Info.plist";
				PRODUCT_NAME = "$(TARGET_NAME)";
				WRAPPER_EXTENSION = app;
			};
			name = Debug;
		};
		54BF8CC516535725007A45D8 /* Release */ = {
			isa = XCBuildConfiguration;
			buildSettings = {
				GCC_PRECOMPILE_PREFIX_HEADER = YES;
				GCC_PREFIX_HEADER = "SaudiN'US/SaudiN'US-Prefix.pch";
				INFOPLIST_FILE = "SaudiN'US/SaudiN'US-Info.plist";
				PRODUCT_NAME = "$(TARGET_NAME)";
				WRAPPER_EXTENSION = app;
			};
			name = Release;
		};
		54BF9FB016C448DA0061D1A6 /* Debug */ = {
			isa = XCBuildConfiguration;
			buildSettings = {
				CLANG_WARN_CONSTANT_CONVERSION = YES;
				CLANG_WARN_ENUM_CONVERSION = YES;
				CLANG_WARN_INT_CONVERSION = YES;
				"CODE_SIGN_IDENTITY[sdk=iphoneos*]" = "iPhone Developer";
				GCC_PRECOMPILE_PREFIX_HEADER = YES;
				GCC_PREFIX_HEADER = "something/something-Prefix.pch";
				INFOPLIST_FILE = "something/something-Info.plist";
				IPHONEOS_DEPLOYMENT_TARGET = 6.1;
				PRODUCT_NAME = "$(TARGET_NAME)";
				WRAPPER_EXTENSION = app;
			};
			name = Debug;
		};
		54BF9FB116C448DA0061D1A6 /* Release */ = {
			isa = XCBuildConfiguration;
			buildSettings = {
				CLANG_WARN_CONSTANT_CONVERSION = YES;
				CLANG_WARN_ENUM_CONVERSION = YES;
				CLANG_WARN_INT_CONVERSION = YES;
				"CODE_SIGN_IDENTITY[sdk=iphoneos*]" = "iPhone Developer";
				GCC_PRECOMPILE_PREFIX_HEADER = YES;
				GCC_PREFIX_HEADER = "something/something-Prefix.pch";
				INFOPLIST_FILE = "something/something-Info.plist";
				IPHONEOS_DEPLOYMENT_TARGET = 6.1;
				PRODUCT_NAME = "$(TARGET_NAME)";
				WRAPPER_EXTENSION = app;
			};
			name = Release;
		};
/* End XCBuildConfiguration section */

/* Begin XCConfigurationList section */
		5444452D16A7DD580004E4CC /* Build configuration list for PBXNativeTarget "Post" */ = {
			isa = XCConfigurationList;
			buildConfigurations = (
				5444452E16A7DD580004E4CC /* Debug */,
				5444452F16A7DD580004E4CC /* Release */,
			);
			defaultConfigurationIsVisible = 0;
			defaultConfigurationName = Release;
		};
		54AA0CD716C1D1A1001AC912 /* Build configuration list for PBXNativeTarget "DetailView" */ = {
			isa = XCConfigurationList;
			buildConfigurations = (
				54AA0CD516C1D1A1001AC912 /* Debug */,
				54AA0CD616C1D1A1001AC912 /* Release */,
			);
			defaultConfigurationIsVisible = 0;
			defaultConfigurationName = Release;
		};
		54AE6B87165613A40062B9A4 /* Build configuration list for PBXNativeTarget "StudentData" */ = {
			isa = XCConfigurationList;
			buildConfigurations = (
				54AE6B88165613A40062B9A4 /* Debug */,
				54AE6B89165613A40062B9A4 /* Release */,
			);
			defaultConfigurationIsVisible = 0;
			defaultConfigurationName = Release;
		};
		54AFEDDC169166DC00EB13CE /* Build configuration list for PBXNativeTarget "MainTabelView" */ = {
			isa = XCConfigurationList;
			buildConfigurations = (
				54AFEDDA169166DC00EB13CE /* Debug */,
				54AFEDDB169166DC00EB13CE /* Release */,
			);
			defaultConfigurationIsVisible = 0;
			defaultConfigurationName = Release;
		};
		54BF8C9916535724007A45D8 /* Build configuration list for PBXProject "SaudiN'US" */ = {
			isa = XCConfigurationList;
			buildConfigurations = (
				54BF8CC116535725007A45D8 /* Debug */,
				54BF8CC216535725007A45D8 /* Release */,
			);
			defaultConfigurationIsVisible = 0;
			defaultConfigurationName = Release;
		};
		54BF8CC316535725007A45D8 /* Build configuration list for PBXNativeTarget "SaudiN'US" */ = {
			isa = XCConfigurationList;
			buildConfigurations = (
				54BF8CC416535725007A45D8 /* Debug */,
				54BF8CC516535725007A45D8 /* Release */,
			);
			defaultConfigurationIsVisible = 0;
			defaultConfigurationName = Release;
		};
		54BF9FB216C448DB0061D1A6 /* Build configuration list for PBXNativeTarget "something" */ = {
			isa = XCConfigurationList;
			buildConfigurations = (
				54BF9FB016C448DA0061D1A6 /* Debug */,
				54BF9FB116C448DA0061D1A6 /* Release */,
			);
			defaultConfigurationIsVisible = 0;
		};
/* End XCConfigurationList section */

/* Begin XCVersionGroup section */
		54AE6B84165613A40062B9A4 /* StudentData.xcdatamodeld */ = {
			isa = XCVersionGroup;
			children = (
				54AE6B85165613A40062B9A4 /* StudentData.xcdatamodel */,
			);
			currentVersion = 54AE6B85165613A40062B9A4 /* StudentData.xcdatamodel */;
			path = StudentData.xcdatamodeld;
			sourceTree = "<group>";
			versionGroupType = wrapper.xcdatamodel;
		};
		54BF9FA716C448DA0061D1A6 /* something.xcdatamodeld */ = {
			isa = XCVersionGroup;
			children = (
				54BF9FA816C448DA0061D1A6 /* something.xcdatamodel */,
			);
			currentVersion = 54BF9FA816C448DA0061D1A6 /* something.xcdatamodel */;
			path = something.xcdatamodeld;
			sourceTree = "<group>";
			versionGroupType = wrapper.xcdatamodel;
		};
/* End XCVersionGroup section */
	};
	rootObject = 54BF8C9616535724007A45D8 /* Project object */;
}
